// !$*UTF8*$!
{
	archiveVersion = 1;
	classes = {
	};
	objectVersion = 46;
	objects = {

/* Begin PBXBuildFile section */
		1F4113A116BC730B00DAEF91 /* UIKit.framework in Frameworks */ = {isa = PBXBuildFile; fileRef = 1F4113A016BC730B00DAEF91 /* UIKit.framework */; };
		1F4113A316BC730B00DAEF91 /* Foundation.framework in Frameworks */ = {isa = PBXBuildFile; fileRef = 1F4113A216BC730B00DAEF91 /* Foundation.framework */; };
		1F4113A516BC730B00DAEF91 /* CoreGraphics.framework in Frameworks */ = {isa = PBXBuildFile; fileRef = 1F4113A416BC730B00DAEF91 /* CoreGraphics.framework */; };
		1F4113AB16BC730B00DAEF91 /* InfoPlist.strings in Resources */ = {isa = PBXBuildFile; fileRef = 1F4113A916BC730B00DAEF91 /* InfoPlist.strings */; };
		1F4113AD16BC730B00DAEF91 /* main.m in Sources */ = {isa = PBXBuildFile; fileRef = 1F4113AC16BC730B00DAEF91 /* main.m */; };
		1F4113B116BC730B00DAEF91 /* RBHynosisterAppDelegate.m in Sources */ = {isa = PBXBuildFile; fileRef = 1F4113B016BC730B00DAEF91 /* RBHynosisterAppDelegate.m */; };
		1F4113B916BC92E800DAEF91 /* RBHypnosisView.m in Sources */ = {isa = PBXBuildFile; fileRef = 1F4113B816BC92E800DAEF91 /* RBHypnosisView.m */; };
/* End PBXBuildFile section */

/* Begin PBXFileReference section */
		1F41139C16BC730B00DAEF91 /* RBHynosister.app */ = {isa = PBXFileReference; explicitFileType = wrapper.application; includeInIndex = 0; path = RBHynosister.app; sourceTree = BUILT_PRODUCTS_DIR; };
		1F4113A016BC730B00DAEF91 /* UIKit.framework */ = {isa = PBXFileReference; lastKnownFileType = wrapper.framework; name = UIKit.framework; path = System/Library/Frameworks/UIKit.framework; sourceTree = SDKROOT; };
		1F4113A216BC730B00DAEF91 /* Foundation.framework */ = {isa = PBXFileReference; lastKnownFileType = wrapper.framework; name = Foundation.framework; path = System/Library/Frameworks/Foundation.framework; sourceTree = SDKROOT; };
		1F4113A416BC730B00DAEF91 /* CoreGraphics.framework */ = {isa = PBXFileReference; lastKnownFileType = wrapper.framework; name = CoreGraphics.framework; path = System/Library/Frameworks/CoreGraphics.framework; sourceTree = SDKROOT; };
		1F4113A816BC730B00DAEF91 /* RBHynosister-Info.plist */ = {isa = PBXFileReference; lastKnownFileType = text.plist.xml; path = "RBHynosister-Info.plist"; sourceTree = "<group>"; };
		1F4113AA16BC730B00DAEF91 /* en */ = {isa = PBXFileReference; lastKnownFileType = text.plist.strings; name = en; path = en.lproj/InfoPlist.strings; sourceTree = "<group>"; };
		1F4113AC16BC730B00DAEF91 /* main.m */ = {isa = PBXFileReference; lastKnownFileType = sourcecode.c.objc; path = main.m; sourceTree = "<group>"; };
		1F4113AE16BC730B00DAEF91 /* RBHynosister-Prefix.pch */ = {isa = PBXFileReference; lastKnownFileType = sourcecode.c.h; path = "RBHynosister-Prefix.pch"; sourceTree = "<group>"; };
		1F4113AF16BC730B00DAEF91 /* RBHynosisterAppDelegate.h */ = {isa = PBXFileReference; lastKnownFileType = sourcecode.c.h; path = RBHynosisterAppDelegate.h; sourceTree = "<group>"; };
		1F4113B016BC730B00DAEF91 /* RBHynosisterAppDelegate.m */ = {isa = PBXFileReference; lastKnownFileType = sourcecode.c.objc; path = RBHynosisterAppDelegate.m; sourceTree = "<group>"; };
		1F4113B716BC92E800DAEF91 /* RBHypnosisView.h */ = {isa = PBXFileReference; fileEncoding = 4; lastKnownFileType = sourcecode.c.h; path = RBHypnosisView.h; sourceTree = "<group>"; };
		1F4113B816BC92E800DAEF91 /* RBHypnosisView.m */ = {isa = PBXFileReference; fileEncoding = 4; lastKnownFileType = sourcecode.c.objc; path = RBHypnosisView.m; sourceTree = "<group>"; };
/* End PBXFileReference section */

/* Begin PBXFrameworksBuildPhase section */
		1F41139916BC730B00DAEF91 /* Frameworks */ = {
			isa = PBXFrameworksBuildPhase;
			buildActionMask = 2147483647;
			files = (
				1F4113A116BC730B00DAEF91 /* UIKit.framework in Frameworks */,
				1F4113A316BC730B00DAEF91 /* Foundation.framework in Frameworks */,
				1F4113A516BC730B00DAEF91 /* CoreGraphics.framework in Frameworks */,
			);
			runOnlyForDeploymentPostprocessing = 0;
		};
/* End PBXFrameworksBuildPhase section */

/* Begin PBXGroup section */
		1F41139116BC730B00DAEF91 = {
			isa = PBXGroup;
			children = (
				1F4113A616BC730B00DAEF91 /* RBHynosister */,
				1F41139F16BC730B00DAEF91 /* Frameworks */,
				1F41139D16BC730B00DAEF91 /* Products */,
			);
			sourceTree = "<group>";
		};
		1F41139D16BC730B00DAEF91 /* Products */ = {
			isa = PBXGroup;
			children = (
				1F41139C16BC730B00DAEF91 /* RBHynosister.app */,
			);
			name = Products;
			sourceTree = "<group>";
		};
		1F41139F16BC730B00DAEF91 /* Frameworks */ = {
			isa = PBXGroup;
			children = (
				1F4113A016BC730B00DAEF91 /* UIKit.framework */,
				1F4113A216BC730B00DAEF91 /* Foundation.framework */,
				1F4113A416BC730B00DAEF91 /* CoreGraphics.framework */,
			);
			name = Frameworks;
			sourceTree = "<group>";
		};
		1F4113A616BC730B00DAEF91 /* RBHynosister */ = {
			isa = PBXGroup;
			children = (
				1F4113AF16BC730B00DAEF91 /* RBHynosisterAppDelegate.h */,
				1F4113B016BC730B00DAEF91 /* RBHynosisterAppDelegate.m */,
				1F4113B716BC92E800DAEF91 /* RBHypnosisView.h */,
				1F4113B816BC92E800DAEF91 /* RBHypnosisView.m */,
				1F4113A716BC730B00DAEF91 /* Supporting Files */,
			);
			path = RBHynosister;
			sourceTree = "<group>";
		};
		1F4113A716BC730B00DAEF91 /* Supporting Files */ = {
			isa = PBXGroup;
			children = (
				1F4113A816BC730B00DAEF91 /* RBHynosister-Info.plist */,
				1F4113A916BC730B00DAEF91 /* InfoPlist.strings */,
				1F4113AC16BC730B00DAEF91 /* main.m */,
				1F4113AE16BC730B00DAEF91 /* RBHynosister-Prefix.pch */,
			);
			name = "Supporting Files";
			sourceTree = "<group>";
		};
/* End PBXGroup section */

/* Begin PBXNativeTarget section */
		1F41139B16BC730B00DAEF91 /* RBHynosister */ = {
			isa = PBXNativeTarget;
			buildConfigurationList = 1F4113B416BC730B00DAEF91 /* Build configuration list for PBXNativeTarget "RBHynosister" */;
			buildPhases = (
				1F41139816BC730B00DAEF91 /* Sources */,
				1F41139916BC730B00DAEF91 /* Frameworks */,
				1F41139A16BC730B00DAEF91 /* Resources */,
			);
			buildRules = (
			);
			dependencies = (
			);
			name = RBHynosister;
			productName = RBHynosister;
			productReference = 1F41139C16BC730B00DAEF91 /* RBHynosister.app */;
			productType = "com.apple.product-type.application";
		};
/* End PBXNativeTarget section */

/* Begin PBXProject section */
		1F41139316BC730B00DAEF91 /* Project object */ = {
			isa = PBXProject;
			attributes = {
				LastUpgradeCheck = 0420;
				ORGANIZATIONNAME = "";
			};
			buildConfigurationList = 1F41139616BC730B00DAEF91 /* Build configuration list for PBXProject "RBHynosister" */;
			compatibilityVersion = "Xcode 3.2";
			developmentRegion = English;
			hasScannedForEncodings = 0;
			knownRegions = (
				en,
			);
			mainGroup = 1F41139116BC730B00DAEF91;
			productRefGroup = 1F41139D16BC730B00DAEF91 /* Products */;
			projectDirPath = "";
			projectRoot = "";
			targets = (
				1F41139B16BC730B00DAEF91 /* RBHynosister */,
			);
		};
/* End PBXProject section */

/* Begin PBXResourcesBuildPhase section */
		1F41139A16BC730B00DAEF91 /* Resources */ = {
			isa = PBXResourcesBuildPhase;
			buildActionMask = 2147483647;
			files = (
				1F4113AB16BC730B00DAEF91 /* InfoPlist.strings in Resources */,
			);
			runOnlyForDeploymentPostprocessing = 0;
		};
/* End PBXResourcesBuildPhase section */

/* Begin PBXSourcesBuildPhase section */
		1F41139816BC730B00DAEF91 /* Sources */ = {
			isa = PBXSourcesBuildPhase;
			buildActionMask = 2147483647;
			files = (
				1F4113AD16BC730B00DAEF91 /* main.m in Sources */,
				1F4113B116BC730B00DAEF91 /* RBHynosisterAppDelegate.m in Sources */,
				1F4113B916BC92E800DAEF91 /* RBHypnosisView.m in Sources */,
			);
			runOnlyForDeploymentPostprocessing = 0;
		};
/* End PBXSourcesBuildPhase section */

/* Begin PBXVariantGroup section */
		1F4113A916BC730B00DAEF91 /* InfoPlist.strings */ = {
			isa = PBXVariantGroup;
			children = (
				1F4113AA16BC730B00DAEF91 /* en */,
			);
			name = InfoPlist.strings;
			sourceTree = "<group>";
		};
/* End PBXVariantGroup section */

/* Begin XCBuildConfiguration section */
		1F4113B216BC730B00DAEF91 /* Debug */ = {
			isa = XCBuildConfiguration;
			buildSettings = {
				ALWAYS_SEARCH_USER_PATHS = NO;
				ARCHS = "$(ARCHS_STANDARD_32_BIT)";
				CLANG_ENABLE_OBJC_ARC = YES;
				"CODE_SIGN_IDENTITY[sdk=iphoneos*]" = "iPhone Developer";
				COPY_PHASE_STRIP = NO;
				GCC_C_LANGUAGE_STANDARD = gnu99;
				GCC_DYNAMIC_NO_PIC = NO;
				GCC_OPTIMIZATION_LEVEL = 0;
				GCC_PREPROCESSOR_DEFINITIONS = (
					"DEBUG=1",
					"$(inherited)",
				);
				GCC_SYMBOLS_PRIVATE_EXTERN = NO;
				GCC_VERSION = com.apple.compilers.llvm.clang.1_0;
				GCC_WARN_ABOUT_MISSING_PROTOTYPES = YES;
				GCC_WARN_ABOUT_RETURN_TYPE = YES;
				GCC_WARN_UNUSED_VARIABLE = YES;
				IPHONEOS_DEPLOYMENT_TARGET = 5.0;
				SDKROOT = iphoneos;
			};
			name = Debug;
		};
		1F4113B316BC730B00DAEF91 /* Release */ = {
			isa = XCBuildConfiguration;
			buildSettings = {
				ALWAYS_SEARCH_USER_PATHS = NO;
				ARCHS = "$(ARCHS_STANDARD_32_BIT)";
				CLANG_ENABLE_OBJC_ARC = YES;
				"CODE_SIGN_IDENTITY[sdk=iphoneos*]" = "iPhone Developer";
				COPY_PHASE_STRIP = YES;
				GCC_C_LANGUAGE_STANDARD = gnu99;
				GCC_VERSION = com.apple.compilers.llvm.clang.1_0;
				GCC_WARN_ABOUT_MISSING_PROTOTYPES = YES;
				GCC_WARN_ABOUT_RETURN_TYPE = YES;
				GCC_WARN_UNUSED_VARIABLE = YES;
				IPHONEOS_DEPLOYMENT_TARGET = 5.0;
				OTHER_CFLAGS = "-DNS_BLOCK_ASSERTIONS=1";
				SDKROOT = iphoneos;
				VALIDATE_PRODUCT = YES;
			};
			name = Release;
		};
		1F4113B516BC730B00DAEF91 /* Debug */ = {
			isa = XCBuildConfiguration;
			buildSettings = {
				GCC_PRECOMPILE_PREFIX_HEADER = YES;
				GCC_PREFIX_HEADER = "RBHynosister/RBHynosister-Prefix.pch";
				INFOPLIST_FILE = "RBHynosister/RBHynosister-Info.plist";
				PRODUCT_NAME = "$(TARGET_NAME)";
				WRAPPER_EXTENSION = app;
			};
			name = Debug;
		};
		1F4113B616BC730B00DAEF91 /* Release */ = {
			isa = XCBuildConfiguration;
			buildSettings = {
				GCC_PRECOMPILE_PREFIX_HEADER = YES;
				GCC_PREFIX_HEADER = "RBHynosister/RBHynosister-Prefix.pch";
				INFOPLIST_FILE = "RBHynosister/RBHynosister-Info.plist";
				PRODUCT_NAME = "$(TARGET_NAME)";
				WRAPPER_EXTENSION = app;
			};
			name = Release;
		};
/* End XCBuildConfiguration section */

/* Begin XCConfigurationList section */
		1F41139616BC730B00DAEF91 /* Build configuration list for PBXProject "RBHynosister" */ = {
			isa = XCConfigurationList;
			buildConfigurations = (
				1F4113B216BC730B00DAEF91 /* Debug */,
				1F4113B316BC730B00DAEF91 /* Release */,
			);
			defaultConfigurationIsVisible = 0;
			defaultConfigurationName = Release;
		};
		1F4113B416BC730B00DAEF91 /* Build configuration list for PBXNativeTarget "RBHynosister" */ = {
			isa = XCConfigurationList;
			buildConfigurations = (
				1F4113B516BC730B00DAEF91 /* Debug */,
				1F4113B616BC730B00DAEF91 /* Release */,
			);
			defaultConfigurationIsVisible = 0;
		};
/* End XCConfigurationList section */
	};
	rootObject = 1F41139316BC730B00DAEF91 /* Project object */;
}
